
Microsoft Visual Studio Solution File, Format Version 11.00
# Visual C# Express 2010
Project("{FAE04EC0-301F-11D3-BF4B-00C04F79EFBC}") = "BlockInfoReader", "BlockInfoReader\BlockInfoReader.csproj", "{C3DDB9A7-6B67-4F47-BC02-94DCA9B34D4D}"
EndProject
Global
	GlobalSection(SolutionConfigurationPlatforms) = preSolution
		Debug|x86 = Debug|x86
		Release|x86 = Release|x86
	EndGlobalSection
	GlobalSection(ProjectConfigurationPlatforms) = postSolution
		{C3DDB9A7-6B67-4F47-BC02-94DCA9B34D4D}.Debug|x86.ActiveCfg = Debug|x86
		{C3DDB9A7-6B67-4F47-BC02-94DCA9B34D4D}.Debug|x86.Build.0 = Debug|x86
		{C3DDB9A7-6B67-4F47-BC02-94DCA9B34D4D}.Release|x86.ActiveCfg = Release|x86
		{C3DDB9A7-6B67-4F47-BC02-94DCA9B34D4D}.Release|x86.Build.0 = Release|x86
	EndGlobalSection
	GlobalSection(SolutionProperties) = preSolution
		HideSolutionNode = FALSE
	EndGlobalSection
EndGlobal
