
Microsoft Visual Studio Solution File, Format Version 12.00
# Visual Studio 14
VisualStudioVersion = 14.0.23107.0
MinimumVisualStudioVersion = 10.0.40219.1
Project("{FAE04EC0-301F-11D3-BF4B-00C04F79EFBC}") = "QuestDataSQLConverter", "QuestDataSQLConverter\QuestDataSQLConverter.csproj", "{596A3EEA-52BA-422A-A048-86C93DCFAD34}"
EndProject
Project("{FAE04EC0-301F-11D3-BF4B-00C04F79EFBC}") = "QuestDataForm", "QuestDataForm\QuestDataForm.csproj", "{96DA6F0B-882A-4DE2-9A96-D9F1B9421C6D}"
EndProject
Global
	GlobalSection(SolutionConfigurationPlatforms) = preSolution
		Debug|Any CPU = Debug|Any CPU
		Release|Any CPU = Release|Any CPU
	EndGlobalSection
	GlobalSection(ProjectConfigurationPlatforms) = postSolution
		{596A3EEA-52BA-422A-A048-86C93DCFAD34}.Debug|Any CPU.ActiveCfg = Debug|Any CPU
		{596A3EEA-52BA-422A-A048-86C93DCFAD34}.Debug|Any CPU.Build.0 = Debug|Any CPU
		{596A3EEA-52BA-422A-A048-86C93DCFAD34}.Release|Any CPU.ActiveCfg = Release|Any CPU
		{596A3EEA-52BA-422A-A048-86C93DCFAD34}.Release|Any CPU.Build.0 = Release|Any CPU
		{96DA6F0B-882A-4DE2-9A96-D9F1B9421C6D}.Debug|Any CPU.ActiveCfg = Debug|Any CPU
		{96DA6F0B-882A-4DE2-9A96-D9F1B9421C6D}.Debug|Any CPU.Build.0 = Debug|Any CPU
		{96DA6F0B-882A-4DE2-9A96-D9F1B9421C6D}.Release|Any CPU.ActiveCfg = Release|Any CPU
		{96DA6F0B-882A-4DE2-9A96-D9F1B9421C6D}.Release|Any CPU.Build.0 = Release|Any CPU
	EndGlobalSection
	GlobalSection(SolutionProperties) = preSolution
		HideSolutionNode = FALSE
	EndGlobalSection
EndGlobal
